lockfile_version: '1'
generated_at: '2026-08-29T09:27:04.667874+00:00'
dependencies: []
local_deployed_files:
- .agents/skills/clean-architecture
- .agents/skills/clean-code-classes
- .agents/skills/clean-code-comments
- .agents/skills/clean-code-error-handling
- .agents/skills/clean-code-functions
- .agents/skills/clean-code-naming
- .agents/skills/clean-code-security
- .agents/skills/clean-code-solid
- .agents/skills/clean-code-tests
- .agents/skills/code-smells
- .agents/skills/delegate
- .agents/skills/domain-driven-design
- .agents/skills/grill-me
- .agents/skills/investigation
- .agents/skills/mutation-hardening
- .agents/skills/notify
- .agents/skills/preflight
- .agents/skills/static-code-analysis
- .github/agents/agent.agent.md
- .github/agents/architect.agent.md
- .github/agents/builder.agent.md
- .github/agents/hardener.agent.md
- .github/agents/implementer.agent.md
- .github/agents/investigator.agent.md
- .github/agents/planner.agent.md
- .github/agents/refactorer.agent.md
- .github/agents/reviewer.agent.md
- .github/agents/specifier.agent.md
- .opencode/agents/agent.md
- .opencode/agents/architect.md
- .opencode/agents/builder.md
- .opencode/agents/hardener.md
- .opencode/agents/implementer.md
- .opencode/agents/investigator.md
- .opencode/agents/planner.md
- .opencode/agents/refactorer.md
- .opencode/agents/reviewer.md
- .opencode/agents/specifier.md
local_deployed_file_hashes:
  .github/agents/agent.agent.md: sha256:95f216a54d174b9fe883c5f19fd282ed0a4f319a3ee46068e076466d9e898cbb
  .github/agents/architect.agent.md: sha256:fbb4f12fceeb71efa6c300a203b7e2a907955b3d1c7b25a5759ee9e806777f12
  .github/agents/builder.agent.md: sha256:b9667bd9674d7e24de12e655f65bbcfd61578b1060e69cfd3f67b95a47610268
  .github/agents/hardener.agent.md: sha256:3b96073310b9c006b71d2fb247b541307114e410a2491545f44cac8a14082a4c
  .github/agents/implementer.agent.md: sha256:55a7176bb4e5825853db4e0899b0fb2b8f01838d557b9eed003bf63098545bf0
  .github/agents/investigator.agent.md: sha256:660bb6143e115da51b4f3249f4ebfb1c48fb29752716a4538d1e5f8c0cb9da3a
  .github/agents/planner.agent.md: sha256:f5ee9ff79c9f7d91aa7a2238f37ddc3c9f2c17a5dd60830da6bdf4dcafbe92dc
  .github/agents/refactorer.agent.md: sha256:ab2407cef5ef85b08f55faa1ab88c0d92b21afa8534fcf7ee8f43b047d693c23
  .github/agents/reviewer.agent.md: sha256:8744e93f49f200e7d7ee6d3fa2492f566b1682719b810e7acd54e64d3db9c18d
  .github/agents/specifier.agent.md: sha256:50dbf5805cf70555f23a2ccc715a9161757208d1be8ad4359fd289da978257c3
  .opencode/agents/agent.md: sha256:95f216a54d174b9fe883c5f19fd282ed0a4f319a3ee46068e076466d9e898cbb
  .opencode/agents/architect.md: sha256:fbb4f12fceeb71efa6c300a203b7e2a907955b3d1c7b25a5759ee9e806777f12
  .opencode/agents/builder.md: sha256:b9667bd9674d7e24de12e655f65bbcfd61578b1060e69cfd3f67b95a47610268
  .opencode/agents/hardener.md: sha256:3b96073310b9c006b71d2fb247b541307114e410a2491545f44cac8a14082a4c
  .opencode/agents/implementer.md: sha256:55a7176bb4e5825853db4e0899b0fb2b8f01838d557b9eed003bf63098545bf0
  .opencode/agents/investigator.md: sha256:660bb6143e115da51b4f3249f4ebfb1c48fb29752716a4538d1e5f8c0cb9da3a
  .opencode/agents/planner.md: sha256:f5ee9ff79c9f7d91aa7a2238f37ddc3c9f2c17a5dd60830da6bdf4dcafbe92dc
  .opencode/agents/refactorer.md: sha256:ab2407cef5ef85b08f55faa1ab88c0d92b21afa8534fcf7ee8f43b047d693c23
  .opencode/agents/reviewer.md: sha256:8744e93f49f200e7d7ee6d3fa2492f566b1682719b810e7acd54e64d3db9c18d
  .opencode/agents/specifier.md: sha256:50dbf5805cf70555f23a2ccc715a9161757208d1be8ad4359fd289da978257c3
